
Microsoft Visual Studio Solution File, Format Version 12.00
# Visual Studio 2012
Project("{FAE04EC0-301F-11D3-BF4B-00C04F79EFBC}") = "TestXamarin.Core.Android", "TestXamarin.Core.Android\TestXamarin.Core.Android.csproj", "{312647DA-9EF3-46E9-8164-5736D101EC68}"
EndProject
Project("{FAE04EC0-301F-11D3-BF4B-00C04F79EFBC}") = "TestXamarin.Core.iOS", "TestXamarin.Core.iOS\TestXamarin.Core.iOS.csproj", "{3726F85D-5613-4676-9DE4-1C0D585084F3}"
EndProject
Project("{FAE04EC0-301F-11D3-BF4B-00C04F79EFBC}") = "TestXamarin.Core", "TestXamarin.Core\TestXamarin.Core.csproj", "{5B944442-1ADA-4A1A-8544-20B9104B67E7}"
EndProject
Global
	GlobalSection(SolutionConfigurationPlatforms) = preSolution
		Debug|Any CPU = Debug|Any CPU
		Release|Any CPU = Release|Any CPU
		Debug|iPhoneSimulator = Debug|iPhoneSimulator
		Release|iPhoneSimulator = Release|iPhoneSimulator
		Debug|iPhone = Debug|iPhone
		Release|iPhone = Release|iPhone
	EndGlobalSection
	GlobalSection(ProjectConfigurationPlatforms) = postSolution
		{312647DA-9EF3-46E9-8164-5736D101EC68}.Debug|Any CPU.ActiveCfg = Debug|Any CPU
		{312647DA-9EF3-46E9-8164-5736D101EC68}.Debug|Any CPU.Build.0 = Debug|Any CPU
		{312647DA-9EF3-46E9-8164-5736D101EC68}.Release|Any CPU.ActiveCfg = Release|Any CPU
		{312647DA-9EF3-46E9-8164-5736D101EC68}.Release|Any CPU.Build.0 = Release|Any CPU
		{312647DA-9EF3-46E9-8164-5736D101EC68}.Debug|iPhoneSimulator.ActiveCfg = Debug|Any CPU
		{312647DA-9EF3-46E9-8164-5736D101EC68}.Debug|iPhoneSimulator.Build.0 = Debug|Any CPU
		{312647DA-9EF3-46E9-8164-5736D101EC68}.Release|iPhoneSimulator.ActiveCfg = Release|Any CPU
		{312647DA-9EF3-46E9-8164-5736D101EC68}.Release|iPhoneSimulator.Build.0 = Release|Any CPU
		{312647DA-9EF3-46E9-8164-5736D101EC68}.Debug|iPhone.ActiveCfg = Debug|Any CPU
		{312647DA-9EF3-46E9-8164-5736D101EC68}.Debug|iPhone.Build.0 = Debug|Any CPU
		{312647DA-9EF3-46E9-8164-5736D101EC68}.Release|iPhone.ActiveCfg = Release|Any CPU
		{312647DA-9EF3-46E9-8164-5736D101EC68}.Release|iPhone.Build.0 = Release|Any CPU
		{3726F85D-5613-4676-9DE4-1C0D585084F3}.Debug|Any CPU.ActiveCfg = Debug|iPhoneSimulator
		{3726F85D-5613-4676-9DE4-1C0D585084F3}.Debug|Any CPU.Build.0 = Debug|iPhoneSimulator
		{3726F85D-5613-4676-9DE4-1C0D585084F3}.Release|Any CPU.ActiveCfg = Release|iPhoneSimulator
		{3726F85D-5613-4676-9DE4-1C0D585084F3}.Release|Any CPU.Build.0 = Release|iPhoneSimulator
		{3726F85D-5613-4676-9DE4-1C0D585084F3}.Debug|iPhoneSimulator.ActiveCfg = Debug|iPhoneSimulator
		{3726F85D-5613-4676-9DE4-1C0D585084F3}.Debug|iPhoneSimulator.Build.0 = Debug|iPhoneSimulator
		{3726F85D-5613-4676-9DE4-1C0D585084F3}.Release|iPhoneSimulator.ActiveCfg = Release|iPhoneSimulator
		{3726F85D-5613-4676-9DE4-1C0D585084F3}.Release|iPhoneSimulator.Build.0 = Release|iPhoneSimulator
		{3726F85D-5613-4676-9DE4-1C0D585084F3}.Debug|iPhone.ActiveCfg = Debug|iPhone
		{3726F85D-5613-4676-9DE4-1C0D585084F3}.Debug|iPhone.Build.0 = Debug|iPhone
		{3726F85D-5613-4676-9DE4-1C0D585084F3}.Release|iPhone.ActiveCfg = Release|iPhone
		{3726F85D-5613-4676-9DE4-1C0D585084F3}.Release|iPhone.Build.0 = Release|iPhone
		{5B944442-1ADA-4A1A-8544-20B9104B67E7}.Debug|Any CPU.ActiveCfg = Debug|Any CPU
		{5B944442-1ADA-4A1A-8544-20B9104B67E7}.Debug|Any CPU.Build.0 = Debug|Any CPU
		{5B944442-1ADA-4A1A-8544-20B9104B67E7}.Release|Any CPU.ActiveCfg = Release|Any CPU
		{5B944442-1ADA-4A1A-8544-20B9104B67E7}.Release|Any CPU.Build.0 = Release|Any CPU
		{5B944442-1ADA-4A1A-8544-20B9104B67E7}.Debug|iPhoneSimulator.ActiveCfg = Debug|Any CPU
		{5B944442-1ADA-4A1A-8544-20B9104B67E7}.Debug|iPhoneSimulator.Build.0 = Debug|Any CPU
		{5B944442-1ADA-4A1A-8544-20B9104B67E7}.Release|iPhoneSimulator.ActiveCfg = Release|Any CPU
		{5B944442-1ADA-4A1A-8544-20B9104B67E7}.Release|iPhoneSimulator.Build.0 = Release|Any CPU
		{5B944442-1ADA-4A1A-8544-20B9104B67E7}.Debug|iPhone.ActiveCfg = Debug|Any CPU
		{5B944442-1ADA-4A1A-8544-20B9104B67E7}.Debug|iPhone.Build.0 = Debug|Any CPU
		{5B944442-1ADA-4A1A-8544-20B9104B67E7}.Release|iPhone.ActiveCfg = Release|Any CPU
		{5B944442-1ADA-4A1A-8544-20B9104B67E7}.Release|iPhone.Build.0 = Release|Any CPU
	EndGlobalSection
EndGlobal
